
Microsoft Visual Studio Solution File, Format Version 12.00
# Visual Studio 14
VisualStudioVersion = 14.0.25420.1
MinimumVisualStudioVersion = 10.0.40219.1
Project("{2150E333-8FDC-42A3-9474-1A3956D46DE8}") = "src", "src", "{7C86448C-77F8-4B73-93D9-5ED664539F87}"
EndProject
Project("{2150E333-8FDC-42A3-9474-1A3956D46DE8}") = "Solution Items", "Solution Items", "{597C7697-AF58-4529-BA37-CBB1DFD95CE4}"
	ProjectSection(SolutionItems) = preProject
		global.json = global.json
	EndProjectSection
EndProject
Project("{8BB2217D-0F2D-49D1-97BC-3654ED321F3B}") = "DotBarcode", "src\DotBarcode\DotBarcode.xproj", "{23A21402-37D9-4691-B7AC-96F8B82B6E8B}"
EndProject
Project("{2150E333-8FDC-42A3-9474-1A3956D46DE8}") = "test", "test", "{C55AF6E6-D2DE-470A-BC48-9F9BE6737062}"
EndProject
Project("{8BB2217D-0F2D-49D1-97BC-3654ED321F3B}") = "DotBarcodeTests", "test\DotBarcodeTests\DotBarcodeTests.xproj", "{F8474EAA-9C31-4927-821C-916CACA776C8}"
EndProject
Global
	GlobalSection(SolutionConfigurationPlatforms) = preSolution
		Debug|Any CPU = Debug|Any CPU
		Release|Any CPU = Release|Any CPU
	EndGlobalSection
	GlobalSection(ProjectConfigurationPlatforms) = postSolution
		{23A21402-37D9-4691-B7AC-96F8B82B6E8B}.Debug|Any CPU.ActiveCfg = Debug|Any CPU
		{23A21402-37D9-4691-B7AC-96F8B82B6E8B}.Debug|Any CPU.Build.0 = Debug|Any CPU
		{23A21402-37D9-4691-B7AC-96F8B82B6E8B}.Release|Any CPU.ActiveCfg = Release|Any CPU
		{23A21402-37D9-4691-B7AC-96F8B82B6E8B}.Release|Any CPU.Build.0 = Release|Any CPU
		{F8474EAA-9C31-4927-821C-916CACA776C8}.Debug|Any CPU.ActiveCfg = Debug|Any CPU
		{F8474EAA-9C31-4927-821C-916CACA776C8}.Debug|Any CPU.Build.0 = Debug|Any CPU
		{F8474EAA-9C31-4927-821C-916CACA776C8}.Release|Any CPU.ActiveCfg = Release|Any CPU
		{F8474EAA-9C31-4927-821C-916CACA776C8}.Release|Any CPU.Build.0 = Release|Any CPU
	EndGlobalSection
	GlobalSection(SolutionProperties) = preSolution
		HideSolutionNode = FALSE
	EndGlobalSection
	GlobalSection(NestedProjects) = preSolution
		{23A21402-37D9-4691-B7AC-96F8B82B6E8B} = {7C86448C-77F8-4B73-93D9-5ED664539F87}
		{F8474EAA-9C31-4927-821C-916CACA776C8} = {C55AF6E6-D2DE-470A-BC48-9F9BE6737062}
	EndGlobalSection
EndGlobal
